
Microsoft Visual Studio Solution File, Format Version 12.00
# Visual Studio Version 17
VisualStudioVersion = 17.8.34601.278
MinimumVisualStudioVersion = 10.0.40219.1
Project("{9A19103F-16F7-4668-BE54-9A1E7A4F7556}") = "OrangeLand", "OrangeLand.csproj", "{4D7ED96A-6549-4FF4-9265-C145209CE449}"
EndProject
Global
	GlobalSection(SolutionConfigurationPlatforms) = preSolution
		Debug|Any CPU = Debug|Any CPU
		Release|Any CPU = Release|Any CPU
	EndGlobalSection
	GlobalSection(ProjectConfigurationPlatforms) = postSolution
		{4D7ED96A-6549-4FF4-9265-C145209CE449}.Debug|Any CPU.ActiveCfg = Debug|Any CPU
		{4D7ED96A-6549-4FF4-9265-C145209CE449}.Debug|Any CPU.Build.0 = Debug|Any CPU
		{4D7ED96A-6549-4FF4-9265-C145209CE449}.Release|Any CPU.ActiveCfg = Release|Any CPU
		{4D7ED96A-6549-4FF4-9265-C145209CE449}.Release|Any CPU.Build.0 = Release|Any CPU
	EndGlobalSection
	GlobalSection(SolutionProperties) = preSolution
		HideSolutionNode = FALSE
	EndGlobalSection
	GlobalSection(ExtensibilityGlobals) = postSolution
		SolutionGuid = {85BF8A10-9E8B-49F0-9144-2648BA017FD1}
	EndGlobalSection
EndGlobal
